// !$*UTF8*$!
{
	archiveVersion = 1;
	classes = {
	};
	objectVersion = 56;
	objects = {

/* Begin PBXBuildFile section */
		57D75C922CC895D500C09CB4 /* Color_pickerApp.swift in Sources */ = {isa = PBXBuildFile; fileRef = 57D75C912CC895D500C09CB4 /* Color_pickerApp.swift */; };
		57D75C942CC895D500C09CB4 /* Persistence.swift in Sources */ = {isa = PBXBuildFile; fileRef = 57D75C932CC895D500C09CB4 /* Persistence.swift */; };
		57D75C972CC895D500C09CB4 /* Color_picker.xcdatamodeld in Sources */ = {isa = PBXBuildFile; fileRef = 57D75C952CC895D500C09CB4 /* Color_picker.xcdatamodeld */; };
		57D75C992CC895D500C09CB4 /* ContentView.swift in Sources */ = {isa = PBXBuildFile; fileRef = 57D75C982CC895D500C09CB4 /* ContentView.swift */; };
		57D75C9B2CC895D600C09CB4 /* Assets.xcassets in Resources */ = {isa = PBXBuildFile; fileRef = 57D75C9A2CC895D600C09CB4 /* Assets.xcassets */; };
		57D75C9F2CC895D600C09CB4 /* Preview Assets.xcassets in Resources */ = {isa = PBXBuildFile; fileRef = 57D75C9E2CC895D600C09CB4 /* Preview Assets.xcassets */; };
		57D75CA92CC895D600C09CB4 /* Color_pickerTests.swift in Sources */ = {isa = PBXBuildFile; fileRef = 57D75CA82CC895D600C09CB4 /* Color_pickerTests.swift */; };
		57D75CB32CC895D600C09CB4 /* Color_pickerUITests.swift in Sources */ = {isa = PBXBuildFile; fileRef = 57D75CB22CC895D600C09CB4 /* Color_pickerUITests.swift */; };
		57D75CB52CC895D600C09CB4 /* Color_pickerUITestsLaunchTests.swift in Sources */ = {isa = PBXBuildFile; fileRef = 57D75CB42CC895D600C09CB4 /* Color_pickerUITestsLaunchTests.swift */; };
/* End PBXBuildFile section */

/* Begin PBXContainerItemProxy section */
		57D75CA52CC895D600C09CB4 /* PBXContainerItemProxy */ = {
			isa = PBXContainerItemProxy;
			containerPortal = 57D75C862CC895D500C09CB4 /* Project object */;
			proxyType = 1;
			remoteGlobalIDString = 57D75C8D2CC895D500C09CB4;
			remoteInfo = "Color picker";
		};
		57D75CAF2CC895D600C09CB4 /* PBXContainerItemProxy */ = {
			isa = PBXContainerItemProxy;
			containerPortal = 57D75C862CC895D500C09CB4 /* Project object */;
			proxyType = 1;
			remoteGlobalIDString = 57D75C8D2CC895D500C09CB4;
			remoteInfo = "Color picker";
		};
/* End PBXContainerItemProxy section */

/* Begin PBXFileReference section */
		57D75C8E2CC895D500C09CB4 /* Color picker.app */ = {isa = PBXFileReference; explicitFileType = wrapper.application; includeInIndex = 0; path = "Color picker.app"; sourceTree = BUILT_PRODUCTS_DIR; };
		57D75C912CC895D500C09CB4 /* Color_pickerApp.swift */ = {isa = PBXFileReference; lastKnownFileType = sourcecode.swift; path = Color_pickerApp.swift; sourceTree = "<group>"; };
		57D75C932CC895D500C09CB4 /* Persistence.swift */ = {isa = PBXFileReference; lastKnownFileType = sourcecode.swift; path = Persistence.swift; sourceTree = "<group>"; };
		57D75C962CC895D500C09CB4 /* Color_picker.xcdatamodel */ = {isa = PBXFileReference; lastKnownFileType = wrapper.xcdatamodel; path = Color_picker.xcdatamodel; sourceTree = "<group>"; };
		57D75C982CC895D500C09CB4 /* ContentView.swift */ = {isa = PBXFileReference; lastKnownFileType = sourcecode.swift; path = ContentView.swift; sourceTree = "<group>"; };
		57D75C9A2CC895D600C09CB4 /* Assets.xcassets */ = {isa = PBXFileReference; lastKnownFileType = folder.assetcatalog; path = Assets.xcassets; sourceTree = "<group>"; };
		57D75C9C2CC895D600C09CB4 /* Color_picker.entitlements */ = {isa = PBXFileReference; lastKnownFileType = text.plist.entitlements; path = Color_picker.entitlements; sourceTree = "<group>"; };
		57D75C9E2CC895D600C09CB4 /* Preview Assets.xcassets */ = {isa = PBXFileReference; lastKnownFileType = folder.assetcatalog; path = "Preview Assets.xcassets"; sourceTree = "<group>"; };
		57D75CA42CC895D600C09CB4 /* Color pickerTests.xctest */ = {isa = PBXFileReference; explicitFileType = wrapper.cfbundle; includeInIndex = 0; path = "Color pickerTests.xctest"; sourceTree = BUILT_PRODUCTS_DIR; };
		57D75CA82CC895D600C09CB4 /* Color_pickerTests.swift */ = {isa = PBXFileReference; lastKnownFileType = sourcecode.swift; path = Color_pickerTests.swift; sourceTree = "<group>"; };
		57D75CAE2CC895D600C09CB4 /* Color pickerUITests.xctest */ = {isa = PBXFileReference; explicitFileType = wrapper.cfbundle; includeInIndex = 0; path = "Color pickerUITests.xctest"; sourceTree = BUILT_PRODUCTS_DIR; };
		57D75CB22CC895D600C09CB4 /* Color_pickerUITests.swift */ = {isa = PBXFileReference; lastKnownFileType = sourcecode.swift; path = Color_pickerUITests.swift; sourceTree = "<group>"; };
		57D75CB42CC895D600C09CB4 /* Color_pickerUITestsLaunchTests.swift */ = {isa = PBXFileReference; lastKnownFileType = sourcecode.swift; path = Color_pickerUITestsLaunchTests.swift; sourceTree = "<group>"; };
/* End PBXFileReference section */

/* Begin PBXFrameworksBuildPhase section */
		57D75C8B2CC895D500C09CB4 /* Frameworks */ = {
			isa = PBXFrameworksBuildPhase;
			buildActionMask = 2147483647;
			files = (
			);
			runOnlyForDeploymentPostprocessing = 0;
		};
		57D75CA12CC895D600C09CB4 /* Frameworks */ = {
			isa = PBXFrameworksBuildPhase;
			buildActionMask = 2147483647;
			files = (
			);
			runOnlyForDeploymentPostprocessing = 0;
		};
		57D75CAB2CC895D600C09CB4 /* Frameworks */ = {
			isa = PBXFrameworksBuildPhase;
			buildActionMask = 2147483647;
			files = (
			);
			runOnlyForDeploymentPostprocessing = 0;
		};
/* End PBXFrameworksBuildPhase section */

/* Begin PBXGroup section */
		57D75C852CC895D500C09CB4 = {
			isa = PBXGroup;
			children = (
				57D75C902CC895D500C09CB4 /* Color picker */,
				57D75CA72CC895D600C09CB4 /* Color pickerTests */,
				57D75CB12CC895D600C09CB4 /* Color pickerUITests */,
				57D75C8F2CC895D500C09CB4 /* Products */,
			);
			sourceTree = "<group>";
		};
		57D75C8F2CC895D500C09CB4 /* Products */ = {
			isa = PBXGroup;
			children = (
				57D75C8E2CC895D500C09CB4 /* Color picker.app */,
				57D75CA42CC895D600C09CB4 /* Color pickerTests.xctest */,
				57D75CAE2CC895D600C09CB4 /* Color pickerUITests.xctest */,
			);
			name = Products;
			sourceTree = "<group>";
		};
		57D75C902CC895D500C09CB4 /* Color picker */ = {
			isa = PBXGroup;
			children = (
				57D75C912CC895D500C09CB4 /* Color_pickerApp.swift */,
				57D75C932CC895D500C09CB4 /* Persistence.swift */,
				57D75C982CC895D500C09CB4 /* ContentView.swift */,
				57D75C9A2CC895D600C09CB4 /* Assets.xcassets */,
				57D75C9C2CC895D600C09CB4 /* Color_picker.entitlements */,
				57D75C952CC895D500C09CB4 /* Color_picker.xcdatamodeld */,
				57D75C9D2CC895D600C09CB4 /* Preview Content */,
			);
			path = "Color picker";
			sourceTree = "<group>";
		};
		57D75C9D2CC895D600C09CB4 /* Preview Content */ = {
			isa = PBXGroup;
			children = (
				57D75C9E2CC895D600C09CB4 /* Preview Assets.xcassets */,
			);
			path = "Preview Content";
			sourceTree = "<group>";
		};
		57D75CA72CC895D600C09CB4 /* Color pickerTests */ = {
			isa = PBXGroup;
			children = (
				57D75CA82CC895D600C09CB4 /* Color_pickerTests.swift */,
			);
			path = "Color pickerTests";
			sourceTree = "<group>";
		};
		57D75CB12CC895D600C09CB4 /* Color pickerUITests */ = {
			isa = PBXGroup;
			children = (
				57D75CB22CC895D600C09CB4 /* Color_pickerUITests.swift */,
				57D75CB42CC895D600C09CB4 /* Color_pickerUITestsLaunchTests.swift */,
			);
			path = "Color pickerUITests";
			sourceTree = "<group>";
		};
/* End PBXGroup section */

/* Begin PBXNativeTarget section */
		57D75C8D2CC895D500C09CB4 /* Color picker */ = {
			isa = PBXNativeTarget;
			buildConfigurationList = 57D75CB82CC895D600C09CB4 /* Build configuration list for PBXNativeTarget "Color picker" */;
			buildPhases = (
				57D75C8A2CC895D500C09CB4 /* Sources */,
				57D75C8B2CC895D500C09CB4 /* Frameworks */,
				57D75C8C2CC895D500C09CB4 /* Resources */,
			);
			buildRules = (
			);
			dependencies = (
			);
			name = "Color picker";
			productName = "Color picker";
			productReference = 57D75C8E2CC895D500C09CB4 /* Color picker.app */;
			productType = "com.apple.product-type.application";
		};
		57D75CA32CC895D600C09CB4 /* Color pickerTests */ = {
			isa = PBXNativeTarget;
			buildConfigurationList = 57D75CBB2CC895D600C09CB4 /* Build configuration list for PBXNativeTarget "Color pickerTests" */;
			buildPhases = (
				57D75CA02CC895D600C09CB4 /* Sources */,
				57D75CA12CC895D600C09CB4 /* Frameworks */,
				57D75CA22CC895D600C09CB4 /* Resources */,
			);
			buildRules = (
			);
			dependencies = (
				57D75CA62CC895D600C09CB4 /* PBXTargetDependency */,
			);
			name = "Color pickerTests";
			productName = "Color pickerTests";
			productReference = 57D75CA42CC895D600C09CB4 /* Color pickerTests.xctest */;
			productType = "com.apple.product-type.bundle.unit-test";
		};
		57D75CAD2CC895D600C09CB4 /* Color pickerUITests */ = {
			isa = PBXNativeTarget;
			buildConfigurationList = 57D75CBE2CC895D600C09CB4 /* Build configuration list for PBXNativeTarget "Color pickerUITests" */;
			buildPhases = (
				57D75CAA2CC895D600C09CB4 /* Sources */,
				57D75CAB2CC895D600C09CB4 /* Frameworks */,
				57D75CAC2CC895D600C09CB4 /* Resources */,
			);
			buildRules = (
			);
			dependencies = (
				57D75CB02CC895D600C09CB4 /* PBXTargetDependency */,
			);
			name = "Color pickerUITests";
			productName = "Color pickerUITests";
			productReference = 57D75CAE2CC895D600C09CB4 /* Color pickerUITests.xctest */;
			productType = "com.apple.product-type.bundle.ui-testing";
		};
/* End PBXNativeTarget section */

/* Begin PBXProject section */
		57D75C862CC895D500C09CB4 /* Project object */ = {
			isa = PBXProject;
			attributes = {
				BuildIndependentTargetsInParallel = 1;
				LastSwiftUpdateCheck = 1430;
				LastUpgradeCheck = 1430;
				TargetAttributes = {
					57D75C8D2CC895D500C09CB4 = {
						CreatedOnToolsVersion = 14.3.1;
					};
					57D75CA32CC895D600C09CB4 = {
						CreatedOnToolsVersion = 14.3.1;
						TestTargetID = 57D75C8D2CC895D500C09CB4;
					};
					57D75CAD2CC895D600C09CB4 = {
						CreatedOnToolsVersion = 14.3.1;
						TestTargetID = 57D75C8D2CC895D500C09CB4;
					};
				};
			};
			buildConfigurationList = 57D75C892CC895D500C09CB4 /* Build configuration list for PBXProject "Color picker" */;
			compatibilityVersion = "Xcode 14.0";
			developmentRegion = en;
			hasScannedForEncodings = 0;
			knownRegions = (
				en,
				Base,
			);
			mainGroup = 57D75C852CC895D500C09CB4;
			productRefGroup = 57D75C8F2CC895D500C09CB4 /* Products */;
			projectDirPath = "";
			projectRoot = "";
			targets = (
				57D75C8D2CC895D500C09CB4 /* Color picker */,
				57D75CA32CC895D600C09CB4 /* Color pickerTests */,
				57D75CAD2CC895D600C09CB4 /* Color pickerUITests */,
			);
		};
/* End PBXProject section */

/* Begin PBXResourcesBuildPhase section */
		57D75C8C2CC895D500C09CB4 /* Resources */ = {
			isa = PBXResourcesBuildPhase;
			buildActionMask = 2147483647;
			files = (
				57D75C9F2CC895D600C09CB4 /* Preview Assets.xcassets in Resources */,
				57D75C9B2CC895D600C09CB4 /* Assets.xcassets in Resources */,
			);
			runOnlyForDeploymentPostprocessing = 0;
		};
		57D75CA22CC895D600C09CB4 /* Resources */ = {
			isa = PBXResourcesBuildPhase;
			buildActionMask = 2147483647;
			files = (
			);
			runOnlyForDeploymentPostprocessing = 0;
		};
		57D75CAC2CC895D600C09CB4 /* Resources */ = {
			isa = PBXResourcesBuildPhase;
			buildActionMask = 2147483647;
			files = (
			);
			runOnlyForDeploymentPostprocessing = 0;
		};
/* End PBXResourcesBuildPhase section */

/* Begin PBXSourcesBuildPhase section */
		57D75C8A2CC895D500C09CB4 /* Sources */ = {
			isa = PBXSourcesBuildPhase;
			buildActionMask = 2147483647;
			files = (
				57D75C972CC895D500C09CB4 /* Color_picker.xcdatamodeld in Sources */,
				57D75C922CC895D500C09CB4 /* Color_pickerApp.swift in Sources */,
				57D75C992CC895D500C09CB4 /* ContentView.swift in Sources */,
				57D75C942CC895D500C09CB4 /* Persistence.swift in Sources */,
			);
			runOnlyForDeploymentPostprocessing = 0;
		};
		57D75CA02CC895D600C09CB4 /* Sources */ = {
			isa = PBXSourcesBuildPhase;
			buildActionMask = 2147483647;
			files = (
				57D75CA92CC895D600C09CB4 /* Color_pickerTests.swift in Sources */,
			);
			runOnlyForDeploymentPostprocessing = 0;
		};
		57D75CAA2CC895D600C09CB4 /* Sources */ = {
			isa = PBXSourcesBuildPhase;
			buildActionMask = 2147483647;
			files = (
				57D75CB52CC895D600C09CB4 /* Color_pickerUITestsLaunchTests.swift in Sources */,
				57D75CB32CC895D600C09CB4 /* Color_pickerUITests.swift in Sources */,
			);
			runOnlyForDeploymentPostprocessing = 0;
		};
/* End PBXSourcesBuildPhase section */

/* Begin PBXTargetDependency section */
		57D75CA62CC895D600C09CB4 /* PBXTargetDependency */ = {
			isa = PBXTargetDependency;
			target = 57D75C8D2CC895D500C09CB4 /* Color picker */;
			targetProxy = 57D75CA52CC895D600C09CB4 /* PBXContainerItemProxy */;
		};
		57D75CB02CC895D600C09CB4 /* PBXTargetDependency */ = {
			isa = PBXTargetDependency;
			target = 57D75C8D2CC895D500C09CB4 /* Color picker */;
			targetProxy = 57D75CAF2CC895D600C09CB4 /* PBXContainerItemProxy */;
		};
/* End PBXTargetDependency section */

/* Begin XCBuildConfiguration section */
		57D75CB62CC895D600C09CB4 /* Debug */ = {
			isa = XCBuildConfiguration;
			buildSettings = {
				ALWAYS_SEARCH_USER_PATHS = NO;
				CLANG_ANALYZER_NONNULL = YES;
				CLANG_ANALYZER_NUMBER_OBJECT_CONVERSION = YES_AGGRESSIVE;
				CLANG_CXX_LANGUAGE_STANDARD = "gnu++20";
				CLANG_ENABLE_MODULES = YES;
				CLANG_ENABLE_OBJC_ARC = YES;
				CLANG_ENABLE_OBJC_WEAK = YES;
				CLANG_WARN_BLOCK_CAPTURE_AUTORELEASING = YES;
				CLANG_WARN_BOOL_CONVERSION = YES;
				CLANG_WARN_COMMA = YES;
				CLANG_WARN_CONSTANT_CONVERSION = YES;
				CLANG_WARN_DEPRECATED_OBJC_IMPLEMENTATIONS = YES;
				CLANG_WARN_DIRECT_OBJC_ISA_USAGE = YES_ERROR;
				CLANG_WARN_DOCUMENTATION_COMMENTS = YES;
				CLANG_WARN_EMPTY_BODY = YES;
				CLANG_WARN_ENUM_CONVERSION = YES;
				CLANG_WARN_INFINITE_RECURSION = YES;
				CLANG_WARN_INT_CONVERSION = YES;
				CLANG_WARN_NON_LITERAL_NULL_CONVERSION = YES;
				CLANG_WARN_OBJC_IMPLICIT_RETAIN_SELF = YES;
				CLANG_WARN_OBJC_LITERAL_CONVERSION = YES;
				CLANG_WARN_OBJC_ROOT_CLASS = YES_ERROR;
				CLANG_WARN_QUOTED_INCLUDE_IN_FRAMEWORK_HEADER = YES;
				CLANG_WARN_RANGE_LOOP_ANALYSIS = YES;
				CLANG_WARN_STRICT_PROTOTYPES = YES;
				CLANG_WARN_SUSPICIOUS_MOVE = YES;
				CLANG_WARN_UNGUARDED_AVAILABILITY = YES_AGGRESSIVE;
				CLANG_WARN_UNREACHABLE_CODE = YES;
				CLANG_WARN__DUPLICATE_METHOD_MATCH = YES;
				COPY_PHASE_STRIP = NO;
				DEBUG_INFORMATION_FORMAT = dwarf;
				ENABLE_STRICT_OBJC_MSGSEND = YES;
				ENABLE_TESTABILITY = YES;
				GCC_C_LANGUAGE_STANDARD = gnu11;
				GCC_DYNAMIC_NO_PIC = NO;
				GCC_NO_COMMON_BLOCKS = YES;
				GCC_OPTIMIZATION_LEVEL = 0;
				GCC_PREPROCESSOR_DEFINITIONS = (
					"DEBUG=1",
					"$(inherited)",
				);
				GCC_WARN_64_TO_32_BIT_CONVERSION = YES;
				GCC_WARN_ABOUT_RETURN_TYPE = YES_ERROR;
				GCC_WARN_UNDECLARED_SELECTOR = YES;
				GCC_WARN_UNINITIALIZED_AUTOS = YES_AGGRESSIVE;
				GCC_WARN_UNUSED_FUNCTION = YES;
				GCC_WARN_UNUSED_VARIABLE = YES;
				MTL_ENABLE_DEBUG_INFO = INCLUDE_SOURCE;
				MTL_FAST_MATH = YES;
				ONLY_ACTIVE_ARCH = YES;
				SWIFT_ACTIVE_COMPILATION_CONDITIONS = DEBUG;
				SWIFT_OPTIMIZATION_LEVEL = "-Onone";
			};
			name = Debug;
		};
		57D75CB72CC895D600C09CB4 /* Release */ = {
			isa = XCBuildConfiguration;
			buildSettings = {
				ALWAYS_SEARCH_USER_PATHS = NO;
				CLANG_ANALYZER_NONNULL = YES;
				CLANG_ANALYZER_NUMBER_OBJECT_CONVERSION = YES_AGGRESSIVE;
				CLANG_CXX_LANGUAGE_STANDARD = "gnu++20";
				CLANG_ENABLE_MODULES = YES;
				CLANG_ENABLE_OBJC_ARC = YES;
				CLANG_ENABLE_OBJC_WEAK = YES;
				CLANG_WARN_BLOCK_CAPTURE_AUTORELEASING = YES;
				CLANG_WARN_BOOL_CONVERSION = YES;
				CLANG_WARN_COMMA = YES;
				CLANG_WARN_CONSTANT_CONVERSION = YES;
				CLANG_WARN_DEPRECATED_OBJC_IMPLEMENTATIONS = YES;
				CLANG_WARN_DIRECT_OBJC_ISA_USAGE = YES_ERROR;
				CLANG_WARN_DOCUMENTATION_COMMENTS = YES;
				CLANG_WARN_EMPTY_BODY = YES;
				CLANG_WARN_ENUM_CONVERSION = YES;
				CLANG_WARN_INFINITE_RECURSION = YES;
				CLANG_WARN_INT_CONVERSION = YES;
				CLANG_WARN_NON_LITERAL_NULL_CONVERSION = YES;
				CLANG_WARN_OBJC_IMPLICIT_RETAIN_SELF = YES;
				CLANG_WARN_OBJC_LITERAL_CONVERSION = YES;
				CLANG_WARN_OBJC_ROOT_CLASS = YES_ERROR;
				CLANG_WARN_QUOTED_INCLUDE_IN_FRAMEWORK_HEADER = YES;
				CLANG_WARN_RANGE_LOOP_ANALYSIS = YES;
				CLANG_WARN_STRICT_PROTOTYPES = YES;
				CLANG_WARN_SUSPICIOUS_MOVE = YES;
				CLANG_WARN_UNGUARDED_AVAILABILITY = YES_AGGRESSIVE;
				CLANG_WARN_UNREACHABLE_CODE = YES;
				CLANG_WARN__DUPLICATE_METHOD_MATCH = YES;
				COPY_PHASE_STRIP = NO;
				DEBUG_INFORMATION_FORMAT = "dwarf-with-dsym";
				ENABLE_NS_ASSERTIONS = NO;
				ENABLE_STRICT_OBJC_MSGSEND = YES;
				GCC_C_LANGUAGE_STANDARD = gnu11;
				GCC_NO_COMMON_BLOCKS = YES;
				GCC_WARN_64_TO_32_BIT_CONVERSION = YES;
				GCC_WARN_ABOUT_RETURN_TYPE = YES_ERROR;
				GCC_WARN_UNDECLARED_SELECTOR = YES;
				GCC_WARN_UNINITIALIZED_AUTOS = YES_AGGRESSIVE;
				GCC_WARN_UNUSED_FUNCTION = YES;
				GCC_WARN_UNUSED_VARIABLE = YES;
				MTL_ENABLE_DEBUG_INFO = NO;
				MTL_FAST_MATH = YES;
				SWIFT_COMPILATION_MODE = wholemodule;
				SWIFT_OPTIMIZATION_LEVEL = "-O";
			};
			name = Release;
		};
		57D75CB92CC895D600C09CB4 /* Debug */ = {
			isa = XCBuildConfiguration;
			buildSettings = {
				ASSETCATALOG_COMPILER_APPICON_NAME = AppIcon;
				ASSETCATALOG_COMPILER_GLOBAL_ACCENT_COLOR_NAME = AccentColor;
				CODE_SIGN_ENTITLEMENTS = "Color picker/Color_picker.entitlements";
				CODE_SIGN_STYLE = Automatic;
				CURRENT_PROJECT_VERSION = 1;
				DEVELOPMENT_ASSET_PATHS = "\"Color picker/Preview Content\"";
				ENABLE_PREVIEWS = YES;
				GENERATE_INFOPLIST_FILE = YES;
				"INFOPLIST_KEY_UIApplicationSceneManifest_Generation[sdk=iphoneos*]" = YES;
				"INFOPLIST_KEY_UIApplicationSceneManifest_Generation[sdk=iphonesimulator*]" = YES;
				"INFOPLIST_KEY_UIApplicationSupportsIndirectInputEvents[sdk=iphoneos*]" = YES;
				"INFOPLIST_KEY_UIApplicationSupportsIndirectInputEvents[sdk=iphonesimulator*]" = YES;
				"INFOPLIST_KEY_UILaunchScreen_Generation[sdk=iphoneos*]" = YES;
				"INFOPLIST_KEY_UILaunchScreen_Generation[sdk=iphonesimulator*]" = YES;
				"INFOPLIST_KEY_UIStatusBarStyle[sdk=iphoneos*]" = UIStatusBarStyleDefault;
				"INFOPLIST_KEY_UIStatusBarStyle[sdk=iphonesimulator*]" = UIStatusBarStyleDefault;
				INFOPLIST_KEY_UISupportedInterfaceOrientations_iPad = "UIInterfaceOrientationPortrait UIInterfaceOrientationPortraitUpsideDown UIInterfaceOrientationLandscapeLeft UIInterfaceOrientationLandscapeRight";
				INFOPLIST_KEY_UISupportedInterfaceOrientations_iPhone = "UIInterfaceOrientationPortrait UIInterfaceOrientationLandscapeLeft UIInterfaceOrientationLandscapeRight";
				IPHONEOS_DEPLOYMENT_TARGET = 16.4;
				LD_RUNPATH_SEARCH_PATHS = "@executable_path/Frameworks";
				"LD_RUNPATH_SEARCH_PATHS[sdk=macosx*]" = "@executable_path/../Frameworks";
				MACOSX_DEPLOYMENT_TARGET = 13.1;
				MARKETING_VERSION = 1.0;
				PRODUCT_BUNDLE_IDENTIFIER = "cpsc411.Color-picker";
				PRODUCT_NAME = "$(TARGET_NAME)";
				SDKROOT = auto;
				SUPPORTED_PLATFORMS = "iphoneos iphonesimulator macosx";
				SWIFT_EMIT_LOC_STRINGS = YES;
				SWIFT_VERSION = 5.0;
				TARGETED_DEVICE_FAMILY = "1,2";
			};
			name = Debug;
		};
		57D75CBA2CC895D600C09CB4 /* Release */ = {
			isa = XCBuildConfiguration;
			buildSettings = {
				ASSETCATALOG_COMPILER_APPICON_NAME = AppIcon;
				ASSETCATALOG_COMPILER_GLOBAL_ACCENT_COLOR_NAME = AccentColor;
				CODE_SIGN_ENTITLEMENTS = "Color picker/Color_picker.entitlements";
				CODE_SIGN_STYLE = Automatic;
				CURRENT_PROJECT_VERSION = 1;
				DEVELOPMENT_ASSET_PATHS = "\"Color picker/Preview Content\"";
				ENABLE_PREVIEWS = YES;
				GENERATE_INFOPLIST_FILE = YES;
				"INFOPLIST_KEY_UIApplicationSceneManifest_Generation[sdk=iphoneos*]" = YES;
				"INFOPLIST_KEY_UIApplicationSceneManifest_Generation[sdk=iphonesimulator*]" = YES;
				"INFOPLIST_KEY_UIApplicationSupportsIndirectInputEvents[sdk=iphoneos*]" = YES;
				"INFOPLIST_KEY_UIApplicationSupportsIndirectInputEvents[sdk=iphonesimulator*]" = YES;
				"INFOPLIST_KEY_UILaunchScreen_Generation[sdk=iphoneos*]" = YES;
				"INFOPLIST_KEY_UILaunchScreen_Generation[sdk=iphonesimulator*]" = YES;
				"INFOPLIST_KEY_UIStatusBarStyle[sdk=iphoneos*]" = UIStatusBarStyleDefault;
				"INFOPLIST_KEY_UIStatusBarStyle[sdk=iphonesimulator*]" = UIStatusBarStyleDefault;
				INFOPLIST_KEY_UISupportedInterfaceOrientations_iPad = "UIInterfaceOrientationPortrait UIInterfaceOrientationPortraitUpsideDown UIInterfaceOrientationLandscapeLeft UIInterfaceOrientationLandscapeRight";
				INFOPLIST_KEY_UISupportedInterfaceOrientations_iPhone = "UIInterfaceOrientationPortrait UIInterfaceOrientationLandscapeLeft UIInterfaceOrientationLandscapeRight";
				IPHONEOS_DEPLOYMENT_TARGET = 16.4;
				LD_RUNPATH_SEARCH_PATHS = "@executable_path/Frameworks";
				"LD_RUNPATH_SEARCH_PATHS[sdk=macosx*]" = "@executable_path/../Frameworks";
				MACOSX_DEPLOYMENT_TARGET = 13.1;
				MARKETING_VERSION = 1.0;
				PRODUCT_BUNDLE_IDENTIFIER = "cpsc411.Color-picker";
				PRODUCT_NAME = "$(TARGET_NAME)";
				SDKROOT = auto;
				SUPPORTED_PLATFORMS = "iphoneos iphonesimulator macosx";
				SWIFT_EMIT_LOC_STRINGS = YES;
				SWIFT_VERSION = 5.0;
				TARGETED_DEVICE_FAMILY = "1,2";
			};
			name = Release;
		};
		57D75CBC2CC895D600C09CB4 /* Debug */ = {
			isa = XCBuildConfiguration;
			buildSettings = {
				ALWAYS_EMBED_SWIFT_STANDARD_LIBRARIES = YES;
				BUNDLE_LOADER = "$(TEST_HOST)";
				CODE_SIGN_STYLE = Automatic;
				CURRENT_PROJECT_VERSION = 1;
				GENERATE_INFOPLIST_FILE = YES;
				IPHONEOS_DEPLOYMENT_TARGET = 16.4;
				MACOSX_DEPLOYMENT_TARGET = 13.1;
				MARKETING_VERSION = 1.0;
				PRODUCT_BUNDLE_IDENTIFIER = "cpsc411.Color-pickerTests";
				PRODUCT_NAME = "$(TARGET_NAME)";
				SDKROOT = auto;
				SUPPORTED_PLATFORMS = "iphoneos iphonesimulator macosx";
				SWIFT_EMIT_LOC_STRINGS = NO;
				SWIFT_VERSION = 5.0;
				TARGETED_DEVICE_FAMILY = "1,2";
				TEST_HOST = "$(BUILT_PRODUCTS_DIR)/Color picker.app/$(BUNDLE_EXECUTABLE_FOLDER_PATH)/Color picker";
			};
			name = Debug;
		};
		57D75CBD2CC895D600C09CB4 /* Release */ = {
			isa = XCBuildConfiguration;
			buildSettings = {
				ALWAYS_EMBED_SWIFT_STANDARD_LIBRARIES = YES;
				BUNDLE_LOADER = "$(TEST_HOST)";
				CODE_SIGN_STYLE = Automatic;
				CURRENT_PROJECT_VERSION = 1;
				GENERATE_INFOPLIST_FILE = YES;
				IPHONEOS_DEPLOYMENT_TARGET = 16.4;
				MACOSX_DEPLOYMENT_TARGET = 13.1;
				MARKETING_VERSION = 1.0;
				PRODUCT_BUNDLE_IDENTIFIER = "cpsc411.Color-pickerTests";
				PRODUCT_NAME = "$(TARGET_NAME)";
				SDKROOT = auto;
				SUPPORTED_PLATFORMS = "iphoneos iphonesimulator macosx";
				SWIFT_EMIT_LOC_STRINGS = NO;
				SWIFT_VERSION = 5.0;
				TARGETED_DEVICE_FAMILY = "1,2";
				TEST_HOST = "$(BUILT_PRODUCTS_DIR)/Color picker.app/$(BUNDLE_EXECUTABLE_FOLDER_PATH)/Color picker";
			};
			name = Release;
		};
		57D75CBF2CC895D600C09CB4 /* Debug */ = {
			isa = XCBuildConfiguration;
			buildSettings = {
				ALWAYS_EMBED_SWIFT_STANDARD_LIBRARIES = YES;
				CODE_SIGN_STYLE = Automatic;
				CURRENT_PROJECT_VERSION = 1;
				GENERATE_INFOPLIST_FILE = YES;
				IPHONEOS_DEPLOYMENT_TARGET = 16.4;
				MACOSX_DEPLOYMENT_TARGET = 13.1;
				MARKETING_VERSION = 1.0;
				PRODUCT_BUNDLE_IDENTIFIER = "cpsc411.Color-pickerUITests";
				PRODUCT_NAME = "$(TARGET_NAME)";
				SDKROOT = auto;
				SUPPORTED_PLATFORMS = "iphoneos iphonesimulator macosx";
				SWIFT_EMIT_LOC_STRINGS = NO;
				SWIFT_VERSION = 5.0;
				TARGETED_DEVICE_FAMILY = "1,2";
				TEST_TARGET_NAME = "Color picker";
			};
			name = Debug;
		};
		57D75CC02CC895D600C09CB4 /* Release */ = {
			isa = XCBuildConfiguration;
			buildSettings = {
				ALWAYS_EMBED_SWIFT_STANDARD_LIBRARIES = YES;
				CODE_SIGN_STYLE = Automatic;
				CURRENT_PROJECT_VERSION = 1;
				GENERATE_INFOPLIST_FILE = YES;
				IPHONEOS_DEPLOYMENT_TARGET = 16.4;
				MACOSX_DEPLOYMENT_TARGET = 13.1;
				MARKETING_VERSION = 1.0;
				PRODUCT_BUNDLE_IDENTIFIER = "cpsc411.Color-pickerUITests";
				PRODUCT_NAME = "$(TARGET_NAME)";
				SDKROOT = auto;
				SUPPORTED_PLATFORMS = "iphoneos iphonesimulator macosx";
				SWIFT_EMIT_LOC_STRINGS = NO;
				SWIFT_VERSION = 5.0;
				TARGETED_DEVICE_FAMILY = "1,2";
				TEST_TARGET_NAME = "Color picker";
			};
			name = Release;
		};
/* End XCBuildConfiguration section */

/* Begin XCConfigurationList section */
		57D75C892CC895D500C09CB4 /* Build configuration list for PBXProject "Color picker" */ = {
			isa = XCConfigurationList;
			buildConfigurations = (
				57D75CB62CC895D600C09CB4 /* Debug */,
				57D75CB72CC895D600C09CB4 /* Release */,
			);
			defaultConfigurationIsVisible = 0;
			defaultConfigurationName = Release;
		};
		57D75CB82CC895D600C09CB4 /* Build configuration list for PBXNativeTarget "Color picker" */ = {
			isa = XCConfigurationList;
			buildConfigurations = (
				57D75CB92CC895D600C09CB4 /* Debug */,
				57D75CBA2CC895D600C09CB4 /* Release */,
			);
			defaultConfigurationIsVisible = 0;
			defaultConfigurationName = Release;
		};
		57D75CBB2CC895D600C09CB4 /* Build configuration list for PBXNativeTarget "Color pickerTests" */ = {
			isa = XCConfigurationList;
			buildConfigurations = (
				57D75CBC2CC895D600C09CB4 /* Debug */,
				57D75CBD2CC895D600C09CB4 /* Release */,
			);
			defaultConfigurationIsVisible = 0;
			defaultConfigurationName = Release;
		};
		57D75CBE2CC895D600C09CB4 /* Build configuration list for PBXNativeTarget "Color pickerUITests" */ = {
			isa = XCConfigurationList;
			buildConfigurations = (
				57D75CBF2CC895D600C09CB4 /* Debug */,
				57D75CC02CC895D600C09CB4 /* Release */,
			);
			defaultConfigurationIsVisible = 0;
			defaultConfigurationName = Release;
		};
/* End XCConfigurationList section */

/* Begin XCVersionGroup section */
		57D75C952CC895D500C09CB4 /* Color_picker.xcdatamodeld */ = {
			isa = XCVersionGroup;
			children = (
				57D75C962CC895D500C09CB4 /* Color_picker.xcdatamodel */,
			);
			currentVersion = 57D75C962CC895D500C09CB4 /* Color_picker.xcdatamodel */;
			path = Color_picker.xcdatamodeld;
			sourceTree = "<group>";
			versionGroupType = wrapper.xcdatamodel;
		};
/* End XCVersionGroup section */
	};
	rootObject = 57D75C862CC895D500C09CB4 /* Project object */;
}
